// !$*UTF8*$!
{
	archiveVersion = 1;
	classes = {
	};
	objectVersion = 46;
	objects = {

/* Begin PBXBuildFile section */
		240DF6DF19A27B8200DD0EF5 /* DCTConfirmationButton.h in Headers */ = {isa = PBXBuildFile; fileRef = 247B2EB917B41DAE003D8E1F /* DCTConfirmationButton.h */; settings = {ATTRIBUTES = (Public, ); }; };
		240DF6E019A27B8800DD0EF5 /* DCTConfirmationButton.m in Sources */ = {isa = PBXBuildFile; fileRef = 247B2EBB17B41DAE003D8E1F /* DCTConfirmationButton.m */; };
		240DF6E119A27BD500DD0EF5 /* DCTConfirmationButton.framework in Frameworks */ = {isa = PBXBuildFile; fileRef = 240DF6C719A27B0500DD0EF5 /* DCTConfirmationButton.framework */; };
		240DF6E219A27BD500DD0EF5 /* DCTConfirmationButton.framework in Embed Frameworks */ = {isa = PBXBuildFile; fileRef = 240DF6C719A27B0500DD0EF5 /* DCTConfirmationButton.framework */; settings = {ATTRIBUTES = (CodeSignOnCopy, RemoveHeadersOnCopy, ); }; };
		2449D8041A9A55EE003E5406 /* Launch.storyboard in Resources */ = {isa = PBXBuildFile; fileRef = 2449D8031A9A55EE003E5406 /* Launch.storyboard */; };
		2468D51319A32CD200BDC6E5 /* DCTConfirmationButton.xcassets in Resources */ = {isa = PBXBuildFile; fileRef = 248FC4C019A2BD6B00C5E6D1 /* DCTConfirmationButton.xcassets */; };
		247B2EEA17B41E6C003D8E1F /* main.m in Sources */ = {isa = PBXBuildFile; fileRef = 247B2EE917B41E6C003D8E1F /* main.m */; };
		247B2EEE17B41E6C003D8E1F /* AppDelegate.m in Sources */ = {isa = PBXBuildFile; fileRef = 247B2EED17B41E6C003D8E1F /* AppDelegate.m */; };
		247B2EF017B41E6C003D8E1F /* Images.xcassets in Resources */ = {isa = PBXBuildFile; fileRef = 247B2EEF17B41E6C003D8E1F /* Images.xcassets */; };
		247B2F0C17B41EB3003D8E1F /* iPhone.storyboard in Resources */ = {isa = PBXBuildFile; fileRef = 247B2F0917B41EB3003D8E1F /* iPhone.storyboard */; };
		247B2F0D17B41EB3003D8E1F /* ViewController.m in Sources */ = {isa = PBXBuildFile; fileRef = 247B2F0B17B41EB3003D8E1F /* ViewController.m */; };
		24F3417519A33984003585DC /* DCTConfirmationButtonLoadingView.h in Headers */ = {isa = PBXBuildFile; fileRef = 24F3417319A33984003585DC /* DCTConfirmationButtonLoadingView.h */; settings = {ATTRIBUTES = (Public, ); }; };
		24F3417719A33984003585DC /* DCTConfirmationButtonLoadingView.m in Sources */ = {isa = PBXBuildFile; fileRef = 24F3417419A33984003585DC /* DCTConfirmationButtonLoadingView.m */; };
		24F3417819A33990003585DC /* DCTConfirmationButtonInternal.m in Sources */ = {isa = PBXBuildFile; fileRef = 24F3417119A3386D003585DC /* DCTConfirmationButtonInternal.m */; };
		24F3417919A33996003585DC /* DCTConfirmationButtonInternal.h in Headers */ = {isa = PBXBuildFile; fileRef = 24F3417019A3386D003585DC /* DCTConfirmationButtonInternal.h */; };
/* End PBXBuildFile section */

/* Begin PBXContainerItemProxy section */
		240DF6E319A27BD500DD0EF5 /* PBXContainerItemProxy */ = {
			isa = PBXContainerItemProxy;
			containerPortal = 247B2EA917B41DAE003D8E1F /* Project object */;
			proxyType = 1;
			remoteGlobalIDString = 240DF6C619A27B0500DD0EF5;
			remoteInfo = "DCTConfirmationButton iOS";
		};
/* End PBXContainerItemProxy section */

/* Begin PBXCopyFilesBuildPhase section */
		240DF6E519A27BD500DD0EF5 /* Embed Frameworks */ = {
			isa = PBXCopyFilesBuildPhase;
			buildActionMask = 2147483647;
			dstPath = "";
			dstSubfolderSpec = 10;
			files = (
				240DF6E219A27BD500DD0EF5 /* DCTConfirmationButton.framework in Embed Frameworks */,
			);
			name = "Embed Frameworks";
			runOnlyForDeploymentPostprocessing = 0;
		};
/* End PBXCopyFilesBuildPhase section */

/* Begin PBXFileReference section */
		240DF6C719A27B0500DD0EF5 /* DCTConfirmationButton.framework */ = {isa = PBXFileReference; explicitFileType = wrapper.framework; includeInIndex = 0; path = DCTConfirmationButton.framework; sourceTree = BUILT_PRODUCTS_DIR; };
		240DF6DD19A27B4A00DD0EF5 /* Info.plist */ = {isa = PBXFileReference; lastKnownFileType = text.plist.xml; path = Info.plist; sourceTree = "<group>"; };
		2449D8031A9A55EE003E5406 /* Launch.storyboard */ = {isa = PBXFileReference; fileEncoding = 4; lastKnownFileType = file.storyboard; path = Launch.storyboard; sourceTree = "<group>"; };
		244DE82A19A91BCE00A91DC7 /* Debug.xcconfig */ = {isa = PBXFileReference; lastKnownFileType = text.xcconfig; path = Debug.xcconfig; sourceTree = "<group>"; };
		244DE82B19A91BCE00A91DC7 /* iOS Application.xcconfig */ = {isa = PBXFileReference; lastKnownFileType = text.xcconfig; path = "iOS Application.xcconfig"; sourceTree = "<group>"; };
		244DE82C19A91BCE00A91DC7 /* iOS Bundle.xcconfig */ = {isa = PBXFileReference; lastKnownFileType = text.xcconfig; path = "iOS Bundle.xcconfig"; sourceTree = "<group>"; };
		244DE82D19A91BCE00A91DC7 /* iOS Framework.xcconfig */ = {isa = PBXFileReference; lastKnownFileType = text.xcconfig; path = "iOS Framework.xcconfig"; sourceTree = "<group>"; };
		244DE82E19A91BCE00A91DC7 /* iOS Static Library.xcconfig */ = {isa = PBXFileReference; lastKnownFileType = text.xcconfig; path = "iOS Static Library.xcconfig"; sourceTree = "<group>"; };
		244DE82F19A91BCE00A91DC7 /* iOS Tests.xcconfig */ = {isa = PBXFileReference; lastKnownFileType = text.xcconfig; path = "iOS Tests.xcconfig"; sourceTree = "<group>"; };
		244DE83019A91BCE00A91DC7 /* OS X Framework.xcconfig */ = {isa = PBXFileReference; lastKnownFileType = text.xcconfig; path = "OS X Framework.xcconfig"; sourceTree = "<group>"; };
		244DE83119A91BCE00A91DC7 /* Release.xcconfig */ = {isa = PBXFileReference; lastKnownFileType = text.xcconfig; path = Release.xcconfig; sourceTree = "<group>"; };
		244DE83219A91BCE00A91DC7 /* Shared.xcconfig */ = {isa = PBXFileReference; lastKnownFileType = text.xcconfig; path = Shared.xcconfig; sourceTree = "<group>"; };
		247B2EB917B41DAE003D8E1F /* DCTConfirmationButton.h */ = {isa = PBXFileReference; lastKnownFileType = sourcecode.c.h; path = DCTConfirmationButton.h; sourceTree = "<group>"; };
		247B2EBB17B41DAE003D8E1F /* DCTConfirmationButton.m */ = {isa = PBXFileReference; lastKnownFileType = sourcecode.c.objc; path = DCTConfirmationButton.m; sourceTree = "<group>"; };
		247B2EDE17B41E6C003D8E1F /* DCTConfirmationButton Demo.app */ = {isa = PBXFileReference; explicitFileType = wrapper.application; includeInIndex = 0; path = "DCTConfirmationButton Demo.app"; sourceTree = BUILT_PRODUCTS_DIR; };
		247B2EE517B41E6C003D8E1F /* Info.plist */ = {isa = PBXFileReference; lastKnownFileType = text.plist.xml; path = Info.plist; sourceTree = "<group>"; };
		247B2EE917B41E6C003D8E1F /* main.m */ = {isa = PBXFileReference; lastKnownFileType = sourcecode.c.objc; path = main.m; sourceTree = "<group>"; };
		247B2EEC17B41E6C003D8E1F /* AppDelegate.h */ = {isa = PBXFileReference; lastKnownFileType = sourcecode.c.h; path = AppDelegate.h; sourceTree = "<group>"; };
		247B2EED17B41E6C003D8E1F /* AppDelegate.m */ = {isa = PBXFileReference; lastKnownFileType = sourcecode.c.objc; path = AppDelegate.m; sourceTree = "<group>"; };
		247B2EEF17B41E6C003D8E1F /* Images.xcassets */ = {isa = PBXFileReference; lastKnownFileType = folder.assetcatalog; path = Images.xcassets; sourceTree = "<group>"; };
		247B2F0917B41EB3003D8E1F /* iPhone.storyboard */ = {isa = PBXFileReference; fileEncoding = 4; lastKnownFileType = file.storyboard; path = iPhone.storyboard; sourceTree = "<group>"; };
		247B2F0A17B41EB3003D8E1F /* ViewController.h */ = {isa = PBXFileReference; fileEncoding = 4; lastKnownFileType = sourcecode.c.h; path = ViewController.h; sourceTree = "<group>"; };
		247B2F0B17B41EB3003D8E1F /* ViewController.m */ = {isa = PBXFileReference; fileEncoding = 4; lastKnownFileType = sourcecode.c.objc; path = ViewController.m; sourceTree = "<group>"; };
		248FC4C019A2BD6B00C5E6D1 /* DCTConfirmationButton.xcassets */ = {isa = PBXFileReference; lastKnownFileType = folder.assetcatalog; path = DCTConfirmationButton.xcassets; sourceTree = "<group>"; };
		24F3417019A3386D003585DC /* DCTConfirmationButtonInternal.h */ = {isa = PBXFileReference; fileEncoding = 4; lastKnownFileType = sourcecode.c.h; path = DCTConfirmationButtonInternal.h; sourceTree = "<group>"; };
		24F3417119A3386D003585DC /* DCTConfirmationButtonInternal.m */ = {isa = PBXFileReference; fileEncoding = 4; lastKnownFileType = sourcecode.c.objc; path = DCTConfirmationButtonInternal.m; sourceTree = "<group>"; };
		24F3417319A33984003585DC /* DCTConfirmationButtonLoadingView.h */ = {isa = PBXFileReference; fileEncoding = 4; lastKnownFileType = sourcecode.c.h; path = DCTConfirmationButtonLoadingView.h; sourceTree = "<group>"; };
		24F3417419A33984003585DC /* DCTConfirmationButtonLoadingView.m */ = {isa = PBXFileReference; fileEncoding = 4; lastKnownFileType = sourcecode.c.objc; path = DCTConfirmationButtonLoadingView.m; sourceTree = "<group>"; };
/* End PBXFileReference section */

/* Begin PBXFrameworksBuildPhase section */
		240DF6C319A27B0500DD0EF5 /* Frameworks */ = {
			isa = PBXFrameworksBuildPhase;
			buildActionMask = 2147483647;
			files = (
			);
			runOnlyForDeploymentPostprocessing = 0;
		};
		247B2EDB17B41E6C003D8E1F /* Frameworks */ = {
			isa = PBXFrameworksBuildPhase;
			buildActionMask = 2147483647;
			files = (
				240DF6E119A27BD500DD0EF5 /* DCTConfirmationButton.framework in Frameworks */,
			);
			runOnlyForDeploymentPostprocessing = 0;
		};
/* End PBXFrameworksBuildPhase section */

/* Begin PBXGroup section */
		244DE82919A91BCE00A91DC7 /* Configurations */ = {
			isa = PBXGroup;
			children = (
				244DE82A19A91BCE00A91DC7 /* Debug.xcconfig */,
				244DE82B19A91BCE00A91DC7 /* iOS Application.xcconfig */,
				244DE82C19A91BCE00A91DC7 /* iOS Bundle.xcconfig */,
				244DE82D19A91BCE00A91DC7 /* iOS Framework.xcconfig */,
				244DE82E19A91BCE00A91DC7 /* iOS Static Library.xcconfig */,
				244DE82F19A91BCE00A91DC7 /* iOS Tests.xcconfig */,
				244DE83019A91BCE00A91DC7 /* OS X Framework.xcconfig */,
				244DE83119A91BCE00A91DC7 /* Release.xcconfig */,
				244DE83219A91BCE00A91DC7 /* Shared.xcconfig */,
			);
			path = Configurations;
			sourceTree = "<group>";
		};
		247B2EA817B41DAE003D8E1F = {
			isa = PBXGroup;
			children = (
				247B2EB617B41DAE003D8E1F /* DCTConfirmationButton */,
				247B2EE317B41E6C003D8E1F /* DCTConfirmationButton Demo */,
				244DE82919A91BCE00A91DC7 /* Configurations */,
				247B2EB217B41DAE003D8E1F /* Products */,
			);
			sourceTree = "<group>";
		};
		247B2EB217B41DAE003D8E1F /* Products */ = {
			isa = PBXGroup;
			children = (
				247B2EDE17B41E6C003D8E1F /* DCTConfirmationButton Demo.app */,
				240DF6C719A27B0500DD0EF5 /* DCTConfirmationButton.framework */,
			);
			name = Products;
			sourceTree = "<group>";
		};
		247B2EB617B41DAE003D8E1F /* DCTConfirmationButton */ = {
			isa = PBXGroup;
			children = (
				247B2EB917B41DAE003D8E1F /* DCTConfirmationButton.h */,
				247B2EBB17B41DAE003D8E1F /* DCTConfirmationButton.m */,
				248FC4C019A2BD6B00C5E6D1 /* DCTConfirmationButton.xcassets */,
				24F3417019A3386D003585DC /* DCTConfirmationButtonInternal.h */,
				24F3417119A3386D003585DC /* DCTConfirmationButtonInternal.m */,
				24F3417319A33984003585DC /* DCTConfirmationButtonLoadingView.h */,
				24F3417419A33984003585DC /* DCTConfirmationButtonLoadingView.m */,
				240DF6DD19A27B4A00DD0EF5 /* Info.plist */,
			);
			path = DCTConfirmationButton;
			sourceTree = "<group>";
		};
		247B2EE317B41E6C003D8E1F /* DCTConfirmationButton Demo */ = {
			isa = PBXGroup;
			children = (
				247B2EEC17B41E6C003D8E1F /* AppDelegate.h */,
				247B2EED17B41E6C003D8E1F /* AppDelegate.m */,
				247B2EEF17B41E6C003D8E1F /* Images.xcassets */,
				247B2EE517B41E6C003D8E1F /* Info.plist */,
				247B2EE917B41E6C003D8E1F /* main.m */,
				247B2F0917B41EB3003D8E1F /* iPhone.storyboard */,
				2449D8031A9A55EE003E5406 /* Launch.storyboard */,
				247B2F0A17B41EB3003D8E1F /* ViewController.h */,
				247B2F0B17B41EB3003D8E1F /* ViewController.m */,
			);
			path = "DCTConfirmationButton Demo";
			sourceTree = "<group>";
		};
/* End PBXGroup section */

/* Begin PBXHeadersBuildPhase section */
		240DF6C419A27B0500DD0EF5 /* Headers */ = {
			isa = PBXHeadersBuildPhase;
			buildActionMask = 2147483647;
			files = (
				24F3417519A33984003585DC /* DCTConfirmationButtonLoadingView.h in Headers */,
				240DF6DF19A27B8200DD0EF5 /* DCTConfirmationButton.h in Headers */,
				24F3417919A33996003585DC /* DCTConfirmationButtonInternal.h in Headers */,
			);
			runOnlyForDeploymentPostprocessing = 0;
		};
/* End PBXHeadersBuildPhase section */

/* Begin PBXNativeTarget section */
		240DF6C619A27B0500DD0EF5 /* DCTConfirmationButton iOS */ = {
			isa = PBXNativeTarget;
			buildConfigurationList = 240DF6DB19A27B0500DD0EF5 /* Build configuration list for PBXNativeTarget "DCTConfirmationButton iOS" */;
			buildPhases = (
				240DF6C219A27B0500DD0EF5 /* Sources */,
				240DF6C319A27B0500DD0EF5 /* Frameworks */,
				240DF6C419A27B0500DD0EF5 /* Headers */,
				240DF6C519A27B0500DD0EF5 /* Resources */,
				240C637B1A645766007CD368 /* Documentation */,
			);
			buildRules = (
			);
			dependencies = (
			);
			name = "DCTConfirmationButton iOS";
			productName = "DCTConfirmationButton iOS";
			productReference = 240DF6C719A27B0500DD0EF5 /* DCTConfirmationButton.framework */;
			productType = "com.apple.product-type.framework";
		};
		247B2EDD17B41E6C003D8E1F /* DCTConfirmationButton Demo */ = {
			isa = PBXNativeTarget;
			buildConfigurationList = 247B2F0717B41E6C003D8E1F /* Build configuration list for PBXNativeTarget "DCTConfirmationButton Demo" */;
			buildPhases = (
				247B2EDA17B41E6C003D8E1F /* Sources */,
				247B2EDB17B41E6C003D8E1F /* Frameworks */,
				247B2EDC17B41E6C003D8E1F /* Resources */,
				240DF6E519A27BD500DD0EF5 /* Embed Frameworks */,
			);
			buildRules = (
			);
			dependencies = (
				240DF6E419A27BD500DD0EF5 /* PBXTargetDependency */,
			);
			name = "DCTConfirmationButton Demo";
			productName = DCTConfirmationButtonDemo;
			productReference = 247B2EDE17B41E6C003D8E1F /* DCTConfirmationButton Demo.app */;
			productType = "com.apple.product-type.application";
		};
/* End PBXNativeTarget section */

/* Begin PBXProject section */
		247B2EA917B41DAE003D8E1F /* Project object */ = {
			isa = PBXProject;
			attributes = {
				LastUpgradeCheck = 0610;
				ORGANIZATIONNAME = "Daniel Tull";
				TargetAttributes = {
					240DF6C619A27B0500DD0EF5 = {
						CreatedOnToolsVersion = 6.0;
					};
				};
			};
			buildConfigurationList = 247B2EAC17B41DAE003D8E1F /* Build configuration list for PBXProject "DCTConfirmationButton" */;
			compatibilityVersion = "Xcode 3.2";
			developmentRegion = English;
			hasScannedForEncodings = 0;
			knownRegions = (
				en,
			);
			mainGroup = 247B2EA817B41DAE003D8E1F;
			productRefGroup = 247B2EB217B41DAE003D8E1F /* Products */;
			projectDirPath = "";
			projectRoot = "";
			targets = (
				240DF6C619A27B0500DD0EF5 /* DCTConfirmationButton iOS */,
				247B2EDD17B41E6C003D8E1F /* DCTConfirmationButton Demo */,
			);
		};
/* End PBXProject section */

/* Begin PBXResourcesBuildPhase section */
		240DF6C519A27B0500DD0EF5 /* Resources */ = {
			isa = PBXResourcesBuildPhase;
			buildActionMask = 2147483647;
			files = (
				2468D51319A32CD200BDC6E5 /* DCTConfirmationButton.xcassets in Resources */,
			);
			runOnlyForDeploymentPostprocessing = 0;
		};
		247B2EDC17B41E6C003D8E1F /* Resources */ = {
			isa = PBXResourcesBuildPhase;
			buildActionMask = 2147483647;
			files = (
				247B2F0C17B41EB3003D8E1F /* iPhone.storyboard in Resources */,
				247B2EF017B41E6C003D8E1F /* Images.xcassets in Resources */,
				2449D8041A9A55EE003E5406 /* Launch.storyboard in Resources */,
			);
			runOnlyForDeploymentPostprocessing = 0;
		};
/* End PBXResourcesBuildPhase section */

/* Begin PBXShellScriptBuildPhase section */
		240C637B1A645766007CD368 /* Documentation */ = {
			isa = PBXShellScriptBuildPhase;
			buildActionMask = 2147483647;
			files = (
			);
			inputPaths = (
			);
			name = Documentation;
			outputPaths = (
			);
			runOnlyForDeploymentPostprocessing = 0;
			shellPath = /bin/sh;
			shellScript = "./Scripts/documentation.sh -c \"Daniel Tull\" -i \"uk.co.danieltull\" > /dev/null 2>&1 &\n";
		};
/* End PBXShellScriptBuildPhase section */

/* Begin PBXSourcesBuildPhase section */
		240DF6C219A27B0500DD0EF5 /* Sources */ = {
			isa = PBXSourcesBuildPhase;
			buildActionMask = 2147483647;
			files = (
				240DF6E019A27B8800DD0EF5 /* DCTConfirmationButton.m in Sources */,
				24F3417819A33990003585DC /* DCTConfirmationButtonInternal.m in Sources */,
				24F3417719A33984003585DC /* DCTConfirmationButtonLoadingView.m in Sources */,
			);
			runOnlyForDeploymentPostprocessing = 0;
		};
		247B2EDA17B41E6C003D8E1F /* Sources */ = {
			isa = PBXSourcesBuildPhase;
			buildActionMask = 2147483647;
			files = (
				247B2F0D17B41EB3003D8E1F /* ViewController.m in Sources */,
				247B2EEE17B41E6C003D8E1F /* AppDelegate.m in Sources */,
				247B2EEA17B41E6C003D8E1F /* main.m in Sources */,
			);
			runOnlyForDeploymentPostprocessing = 0;
		};
/* End PBXSourcesBuildPhase section */

/* Begin PBXTargetDependency section */
		240DF6E419A27BD500DD0EF5 /* PBXTargetDependency */ = {
			isa = PBXTargetDependency;
			target = 240DF6C619A27B0500DD0EF5 /* DCTConfirmationButton iOS */;
			targetProxy = 240DF6E319A27BD500DD0EF5 /* PBXContainerItemProxy */;
		};
/* End PBXTargetDependency section */

/* Begin XCBuildConfiguration section */
		240DF6D719A27B0500DD0EF5 /* Debug */ = {
			isa = XCBuildConfiguration;
			baseConfigurationReference = 244DE82D19A91BCE00A91DC7 /* iOS Framework.xcconfig */;
			buildSettings = {
				DYLIB_COMPATIBILITY_VERSION = 1;
				DYLIB_CURRENT_VERSION = 1;
				IPHONEOS_DEPLOYMENT_TARGET = 8.0;
				PRODUCT_NAME = DCTConfirmationButton;
			};
			name = Debug;
		};
		240DF6D819A27B0500DD0EF5 /* Release */ = {
			isa = XCBuildConfiguration;
			baseConfigurationReference = 244DE82D19A91BCE00A91DC7 /* iOS Framework.xcconfig */;
			buildSettings = {
				DYLIB_COMPATIBILITY_VERSION = 1;
				DYLIB_CURRENT_VERSION = 1;
				IPHONEOS_DEPLOYMENT_TARGET = 8.0;
				PRODUCT_NAME = DCTConfirmationButton;
			};
			name = Release;
		};
		247B2ED217B41DAE003D8E1F /* Debug */ = {
			isa = XCBuildConfiguration;
			baseConfigurationReference = 244DE82A19A91BCE00A91DC7 /* Debug.xcconfig */;
			buildSettings = {
				ONLY_ACTIVE_ARCH = YES;
			};
			name = Debug;
		};
		247B2ED317B41DAE003D8E1F /* Release */ = {
			isa = XCBuildConfiguration;
			baseConfigurationReference = 244DE83119A91BCE00A91DC7 /* Release.xcconfig */;
			buildSettings = {
			};
			name = Release;
		};
		247B2F0317B41E6C003D8E1F /* Debug */ = {
			isa = XCBuildConfiguration;
			baseConfigurationReference = 244DE82B19A91BCE00A91DC7 /* iOS Application.xcconfig */;
			buildSettings = {
				IPHONEOS_DEPLOYMENT_TARGET = 8.0;
			};
			name = Debug;
		};
		247B2F0417B41E6C003D8E1F /* Release */ = {
			isa = XCBuildConfiguration;
			baseConfigurationReference = 244DE82B19A91BCE00A91DC7 /* iOS Application.xcconfig */;
			buildSettings = {
				IPHONEOS_DEPLOYMENT_TARGET = 8.0;
			};
			name = Release;
		};
/* End XCBuildConfiguration section */

/* Begin XCConfigurationList section */
		240DF6DB19A27B0500DD0EF5 /* Build configuration list for PBXNativeTarget "DCTConfirmationButton iOS" */ = {
			isa = XCConfigurationList;
			buildConfigurations = (
				240DF6D719A27B0500DD0EF5 /* Debug */,
				240DF6D819A27B0500DD0EF5 /* Release */,
			);
			defaultConfigurationIsVisible = 0;
			defaultConfigurationName = Release;
		};
		247B2EAC17B41DAE003D8E1F /* Build configuration list for PBXProject "DCTConfirmationButton" */ = {
			isa = XCConfigurationList;
			buildConfigurations = (
				247B2ED217B41DAE003D8E1F /* Debug */,
				247B2ED317B41DAE003D8E1F /* Release */,
			);
			defaultConfigurationIsVisible = 0;
			defaultConfigurationName = Release;
		};
		247B2F0717B41E6C003D8E1F /* Build configuration list for PBXNativeTarget "DCTConfirmationButton Demo" */ = {
			isa = XCConfigurationList;
			buildConfigurations = (
				247B2F0317B41E6C003D8E1F /* Debug */,
				247B2F0417B41E6C003D8E1F /* Release */,
			);
			defaultConfigurationIsVisible = 0;
			defaultConfigurationName = Release;
		};
/* End XCConfigurationList section */
	};
	rootObject = 247B2EA917B41DAE003D8E1F /* Project object */;
}
