// !$*UTF8*$!
{
	archiveVersion = 1;
	classes = {
	};
	objectVersion = 46;
	objects = {

/* Begin PBXBuildFile section */
		24AD82BE17B3A677004D0708 /* Foundation.framework in Frameworks */ = {isa = PBXBuildFile; fileRef = 24AD82BD17B3A677004D0708 /* Foundation.framework */; };
		24AD82C317B3A677004D0708 /* DCTStoreButton.h in CopyFiles */ = {isa = PBXBuildFile; fileRef = 24AD82C217B3A677004D0708 /* DCTStoreButton.h */; };
		24AD82C517B3A677004D0708 /* DCTStoreButton.m in Sources */ = {isa = PBXBuildFile; fileRef = 24AD82C417B3A677004D0708 /* DCTStoreButton.m */; };
		24AD82CC17B3A677004D0708 /* XCTest.framework in Frameworks */ = {isa = PBXBuildFile; fileRef = 24AD82CB17B3A677004D0708 /* XCTest.framework */; };
		24AD82CD17B3A677004D0708 /* Foundation.framework in Frameworks */ = {isa = PBXBuildFile; fileRef = 24AD82BD17B3A677004D0708 /* Foundation.framework */; };
		24AD82CF17B3A677004D0708 /* UIKit.framework in Frameworks */ = {isa = PBXBuildFile; fileRef = 24AD82CE17B3A677004D0708 /* UIKit.framework */; };
		24AD82D217B3A677004D0708 /* libDCTStoreButton.a in Frameworks */ = {isa = PBXBuildFile; fileRef = 24AD82BA17B3A677004D0708 /* libDCTStoreButton.a */; };
		24AD82D817B3A677004D0708 /* InfoPlist.strings in Resources */ = {isa = PBXBuildFile; fileRef = 24AD82D617B3A677004D0708 /* InfoPlist.strings */; };
		24AD82DA17B3A677004D0708 /* DCTStoreButtonTests.m in Sources */ = {isa = PBXBuildFile; fileRef = 24AD82D917B3A677004D0708 /* DCTStoreButtonTests.m */; };
		24AD82E417B3A6C2004D0708 /* UIKit.framework in Frameworks */ = {isa = PBXBuildFile; fileRef = 24AD82E317B3A6C2004D0708 /* UIKit.framework */; };
		24AD82FF17B3A840004D0708 /* Foundation.framework in Frameworks */ = {isa = PBXBuildFile; fileRef = 24AD82BD17B3A677004D0708 /* Foundation.framework */; };
		24AD830117B3A840004D0708 /* CoreGraphics.framework in Frameworks */ = {isa = PBXBuildFile; fileRef = 24AD830017B3A840004D0708 /* CoreGraphics.framework */; };
		24AD830217B3A840004D0708 /* UIKit.framework in Frameworks */ = {isa = PBXBuildFile; fileRef = 24AD82E317B3A6C2004D0708 /* UIKit.framework */; };
		24AD830A17B3A840004D0708 /* main.m in Sources */ = {isa = PBXBuildFile; fileRef = 24AD830917B3A840004D0708 /* main.m */; };
		24AD830E17B3A840004D0708 /* AppDelegate.m in Sources */ = {isa = PBXBuildFile; fileRef = 24AD830D17B3A840004D0708 /* AppDelegate.m */; };
		24AD831017B3A840004D0708 /* Images.xcassets in Resources */ = {isa = PBXBuildFile; fileRef = 24AD830F17B3A840004D0708 /* Images.xcassets */; };
		24AD832917B3A86A004D0708 /* libDCTStoreButton.a in Frameworks */ = {isa = PBXBuildFile; fileRef = 24AD82BA17B3A677004D0708 /* libDCTStoreButton.a */; };
		24AD832C17B3A8AC004D0708 /* iPhone.storyboard in Resources */ = {isa = PBXBuildFile; fileRef = 24AD832B17B3A8AC004D0708 /* iPhone.storyboard */; };
		24AD833117B3AF3E004D0708 /* DCTStoreButton.xcassets in Resources */ = {isa = PBXBuildFile; fileRef = 24AD833017B3AF3E004D0708 /* DCTStoreButton.xcassets */; };
/* End PBXBuildFile section */

/* Begin PBXContainerItemProxy section */
		24AD82D017B3A677004D0708 /* PBXContainerItemProxy */ = {
			isa = PBXContainerItemProxy;
			containerPortal = 24AD82B217B3A676004D0708 /* Project object */;
			proxyType = 1;
			remoteGlobalIDString = 24AD82B917B3A677004D0708;
			remoteInfo = DCTStoreButton;
		};
/* End PBXContainerItemProxy section */

/* Begin PBXCopyFilesBuildPhase section */
		24AD82B817B3A677004D0708 /* CopyFiles */ = {
			isa = PBXCopyFilesBuildPhase;
			buildActionMask = 2147483647;
			dstPath = "include/$(PRODUCT_NAME)";
			dstSubfolderSpec = 16;
			files = (
				24AD82C317B3A677004D0708 /* DCTStoreButton.h in CopyFiles */,
			);
			runOnlyForDeploymentPostprocessing = 0;
		};
/* End PBXCopyFilesBuildPhase section */

/* Begin PBXFileReference section */
		24AD82BA17B3A677004D0708 /* libDCTStoreButton.a */ = {isa = PBXFileReference; explicitFileType = archive.ar; includeInIndex = 0; path = libDCTStoreButton.a; sourceTree = BUILT_PRODUCTS_DIR; };
		24AD82BD17B3A677004D0708 /* Foundation.framework */ = {isa = PBXFileReference; lastKnownFileType = wrapper.framework; name = Foundation.framework; path = System/Library/Frameworks/Foundation.framework; sourceTree = SDKROOT; };
		24AD82C217B3A677004D0708 /* DCTStoreButton.h */ = {isa = PBXFileReference; lastKnownFileType = sourcecode.c.h; path = DCTStoreButton.h; sourceTree = "<group>"; };
		24AD82C417B3A677004D0708 /* DCTStoreButton.m */ = {isa = PBXFileReference; lastKnownFileType = sourcecode.c.objc; path = DCTStoreButton.m; sourceTree = "<group>"; };
		24AD82CA17B3A677004D0708 /* DCTStoreButtonTests.xctest */ = {isa = PBXFileReference; explicitFileType = wrapper.cfbundle; includeInIndex = 0; path = DCTStoreButtonTests.xctest; sourceTree = BUILT_PRODUCTS_DIR; };
		24AD82CB17B3A677004D0708 /* XCTest.framework */ = {isa = PBXFileReference; lastKnownFileType = wrapper.framework; name = XCTest.framework; path = Library/Frameworks/XCTest.framework; sourceTree = DEVELOPER_DIR; };
		24AD82CE17B3A677004D0708 /* UIKit.framework */ = {isa = PBXFileReference; lastKnownFileType = wrapper.framework; name = UIKit.framework; path = Library/Frameworks/UIKit.framework; sourceTree = DEVELOPER_DIR; };
		24AD82D517B3A677004D0708 /* DCTStoreButtonTests-Info.plist */ = {isa = PBXFileReference; lastKnownFileType = text.plist.xml; path = "DCTStoreButtonTests-Info.plist"; sourceTree = "<group>"; };
		24AD82D717B3A677004D0708 /* en */ = {isa = PBXFileReference; lastKnownFileType = text.plist.strings; name = en; path = en.lproj/InfoPlist.strings; sourceTree = "<group>"; };
		24AD82D917B3A677004D0708 /* DCTStoreButtonTests.m */ = {isa = PBXFileReference; lastKnownFileType = sourcecode.c.objc; path = DCTStoreButtonTests.m; sourceTree = "<group>"; };
		24AD82E317B3A6C2004D0708 /* UIKit.framework */ = {isa = PBXFileReference; lastKnownFileType = wrapper.framework; name = UIKit.framework; path = System/Library/Frameworks/UIKit.framework; sourceTree = SDKROOT; };
		24AD82EA17B3A705004D0708 /* CoreFoundation.framework */ = {isa = PBXFileReference; lastKnownFileType = wrapper.framework; name = CoreFoundation.framework; path = System/Library/Frameworks/CoreFoundation.framework; sourceTree = SDKROOT; };
		24AD82FE17B3A840004D0708 /* DCTStoreButtonDemo.app */ = {isa = PBXFileReference; explicitFileType = wrapper.application; includeInIndex = 0; path = DCTStoreButtonDemo.app; sourceTree = BUILT_PRODUCTS_DIR; };
		24AD830017B3A840004D0708 /* CoreGraphics.framework */ = {isa = PBXFileReference; lastKnownFileType = wrapper.framework; name = CoreGraphics.framework; path = System/Library/Frameworks/CoreGraphics.framework; sourceTree = SDKROOT; };
		24AD830517B3A840004D0708 /* DCTStoreButtonDemo-Info.plist */ = {isa = PBXFileReference; lastKnownFileType = text.plist.xml; path = "DCTStoreButtonDemo-Info.plist"; sourceTree = "<group>"; };
		24AD830917B3A840004D0708 /* main.m */ = {isa = PBXFileReference; lastKnownFileType = sourcecode.c.objc; path = main.m; sourceTree = "<group>"; };
		24AD830C17B3A840004D0708 /* AppDelegate.h */ = {isa = PBXFileReference; lastKnownFileType = sourcecode.c.h; path = AppDelegate.h; sourceTree = "<group>"; };
		24AD830D17B3A840004D0708 /* AppDelegate.m */ = {isa = PBXFileReference; lastKnownFileType = sourcecode.c.objc; path = AppDelegate.m; sourceTree = "<group>"; };
		24AD830F17B3A840004D0708 /* Images.xcassets */ = {isa = PBXFileReference; lastKnownFileType = folder.assetcatalog; path = Images.xcassets; sourceTree = "<group>"; };
		24AD832B17B3A8AC004D0708 /* iPhone.storyboard */ = {isa = PBXFileReference; fileEncoding = 4; lastKnownFileType = file.storyboard; path = iPhone.storyboard; sourceTree = "<group>"; };
		24AD833017B3AF3E004D0708 /* DCTStoreButton.xcassets */ = {isa = PBXFileReference; lastKnownFileType = folder.assetcatalog; path = DCTStoreButton.xcassets; sourceTree = "<group>"; };
/* End PBXFileReference section */

/* Begin PBXFrameworksBuildPhase section */
		24AD82B717B3A677004D0708 /* Frameworks */ = {
			isa = PBXFrameworksBuildPhase;
			buildActionMask = 2147483647;
			files = (
				24AD82E417B3A6C2004D0708 /* UIKit.framework in Frameworks */,
				24AD82BE17B3A677004D0708 /* Foundation.framework in Frameworks */,
			);
			runOnlyForDeploymentPostprocessing = 0;
		};
		24AD82C717B3A677004D0708 /* Frameworks */ = {
			isa = PBXFrameworksBuildPhase;
			buildActionMask = 2147483647;
			files = (
				24AD82CC17B3A677004D0708 /* XCTest.framework in Frameworks */,
				24AD82D217B3A677004D0708 /* libDCTStoreButton.a in Frameworks */,
				24AD82CF17B3A677004D0708 /* UIKit.framework in Frameworks */,
				24AD82CD17B3A677004D0708 /* Foundation.framework in Frameworks */,
			);
			runOnlyForDeploymentPostprocessing = 0;
		};
		24AD82FB17B3A840004D0708 /* Frameworks */ = {
			isa = PBXFrameworksBuildPhase;
			buildActionMask = 2147483647;
			files = (
				24AD832917B3A86A004D0708 /* libDCTStoreButton.a in Frameworks */,
				24AD830117B3A840004D0708 /* CoreGraphics.framework in Frameworks */,
				24AD830217B3A840004D0708 /* UIKit.framework in Frameworks */,
				24AD82FF17B3A840004D0708 /* Foundation.framework in Frameworks */,
			);
			runOnlyForDeploymentPostprocessing = 0;
		};
/* End PBXFrameworksBuildPhase section */

/* Begin PBXGroup section */
		24AD82B117B3A676004D0708 = {
			isa = PBXGroup;
			children = (
				24AD833017B3AF3E004D0708 /* DCTStoreButton.xcassets */,
				24AD82BF17B3A677004D0708 /* DCTStoreButton */,
				24AD82D317B3A677004D0708 /* DCTStoreButtonTests */,
				24AD830317B3A840004D0708 /* DCTStoreButtonDemo */,
				24AD82BC17B3A677004D0708 /* Frameworks */,
				24AD82BB17B3A677004D0708 /* Products */,
			);
			sourceTree = "<group>";
		};
		24AD82BB17B3A677004D0708 /* Products */ = {
			isa = PBXGroup;
			children = (
				24AD82BA17B3A677004D0708 /* libDCTStoreButton.a */,
				24AD82CA17B3A677004D0708 /* DCTStoreButtonTests.xctest */,
				24AD82FE17B3A840004D0708 /* DCTStoreButtonDemo.app */,
			);
			name = Products;
			sourceTree = "<group>";
		};
		24AD82BC17B3A677004D0708 /* Frameworks */ = {
			isa = PBXGroup;
			children = (
				24AD82E317B3A6C2004D0708 /* UIKit.framework */,
				24AD82BD17B3A677004D0708 /* Foundation.framework */,
				24AD82CB17B3A677004D0708 /* XCTest.framework */,
				24AD82CE17B3A677004D0708 /* UIKit.framework */,
				24AD82EA17B3A705004D0708 /* CoreFoundation.framework */,
				24AD830017B3A840004D0708 /* CoreGraphics.framework */,
			);
			name = Frameworks;
			sourceTree = "<group>";
		};
		24AD82BF17B3A677004D0708 /* DCTStoreButton */ = {
			isa = PBXGroup;
			children = (
				24AD82C217B3A677004D0708 /* DCTStoreButton.h */,
				24AD82C417B3A677004D0708 /* DCTStoreButton.m */,
			);
			path = DCTStoreButton;
			sourceTree = "<group>";
		};
		24AD82D317B3A677004D0708 /* DCTStoreButtonTests */ = {
			isa = PBXGroup;
			children = (
				24AD82D917B3A677004D0708 /* DCTStoreButtonTests.m */,
				24AD82D417B3A677004D0708 /* Supporting Files */,
			);
			path = DCTStoreButtonTests;
			sourceTree = "<group>";
		};
		24AD82D417B3A677004D0708 /* Supporting Files */ = {
			isa = PBXGroup;
			children = (
				24AD82D517B3A677004D0708 /* DCTStoreButtonTests-Info.plist */,
				24AD82D617B3A677004D0708 /* InfoPlist.strings */,
			);
			name = "Supporting Files";
			sourceTree = "<group>";
		};
		24AD830317B3A840004D0708 /* DCTStoreButtonDemo */ = {
			isa = PBXGroup;
			children = (
				24AD830C17B3A840004D0708 /* AppDelegate.h */,
				24AD830D17B3A840004D0708 /* AppDelegate.m */,
				24AD830F17B3A840004D0708 /* Images.xcassets */,
				24AD830517B3A840004D0708 /* DCTStoreButtonDemo-Info.plist */,
				24AD830917B3A840004D0708 /* main.m */,
				24AD832B17B3A8AC004D0708 /* iPhone.storyboard */,
			);
			path = DCTStoreButtonDemo;
			sourceTree = "<group>";
		};
/* End PBXGroup section */

/* Begin PBXNativeTarget section */
		24AD82B917B3A677004D0708 /* DCTStoreButton */ = {
			isa = PBXNativeTarget;
			buildConfigurationList = 24AD82DD17B3A677004D0708 /* Build configuration list for PBXNativeTarget "DCTStoreButton" */;
			buildPhases = (
				24AD82B617B3A677004D0708 /* Sources */,
				24AD82B717B3A677004D0708 /* Frameworks */,
				24AD82B817B3A677004D0708 /* CopyFiles */,
			);
			buildRules = (
			);
			dependencies = (
			);
			name = DCTStoreButton;
			productName = DCTStoreButton;
			productReference = 24AD82BA17B3A677004D0708 /* libDCTStoreButton.a */;
			productType = "com.apple.product-type.library.static";
		};
		24AD82C917B3A677004D0708 /* DCTStoreButtonTests */ = {
			isa = PBXNativeTarget;
			buildConfigurationList = 24AD82E017B3A677004D0708 /* Build configuration list for PBXNativeTarget "DCTStoreButtonTests" */;
			buildPhases = (
				24AD82C617B3A677004D0708 /* Sources */,
				24AD82C717B3A677004D0708 /* Frameworks */,
				24AD82C817B3A677004D0708 /* Resources */,
			);
			buildRules = (
			);
			dependencies = (
				24AD82D117B3A677004D0708 /* PBXTargetDependency */,
			);
			name = DCTStoreButtonTests;
			productName = DCTStoreButtonTests;
			productReference = 24AD82CA17B3A677004D0708 /* DCTStoreButtonTests.xctest */;
			productType = "com.apple.product-type.bundle.unit-test";
		};
		24AD82FD17B3A840004D0708 /* DCTStoreButtonDemo */ = {
			isa = PBXNativeTarget;
			buildConfigurationList = 24AD832317B3A840004D0708 /* Build configuration list for PBXNativeTarget "DCTStoreButtonDemo" */;
			buildPhases = (
				24AD82FA17B3A840004D0708 /* Sources */,
				24AD82FB17B3A840004D0708 /* Frameworks */,
				24AD82FC17B3A840004D0708 /* Resources */,
			);
			buildRules = (
			);
			dependencies = (
			);
			name = DCTStoreButtonDemo;
			productName = DCTStoreButtonDemo;
			productReference = 24AD82FE17B3A840004D0708 /* DCTStoreButtonDemo.app */;
			productType = "com.apple.product-type.application";
		};
/* End PBXNativeTarget section */

/* Begin PBXProject section */
		24AD82B217B3A676004D0708 /* Project object */ = {
			isa = PBXProject;
			attributes = {
				LastUpgradeCheck = 0500;
				ORGANIZATIONNAME = "Daniel Tull";
				TargetAttributes = {
					24AD82C917B3A677004D0708 = {
						TestTargetID = 24AD82FD17B3A840004D0708;
					};
				};
			};
			buildConfigurationList = 24AD82B517B3A676004D0708 /* Build configuration list for PBXProject "DCTStoreButton" */;
			compatibilityVersion = "Xcode 3.2";
			developmentRegion = English;
			hasScannedForEncodings = 0;
			knownRegions = (
				en,
			);
			mainGroup = 24AD82B117B3A676004D0708;
			productRefGroup = 24AD82BB17B3A677004D0708 /* Products */;
			projectDirPath = "";
			projectRoot = "";
			targets = (
				24AD82B917B3A677004D0708 /* DCTStoreButton */,
				24AD82C917B3A677004D0708 /* DCTStoreButtonTests */,
				24AD82FD17B3A840004D0708 /* DCTStoreButtonDemo */,
			);
		};
/* End PBXProject section */

/* Begin PBXResourcesBuildPhase section */
		24AD82C817B3A677004D0708 /* Resources */ = {
			isa = PBXResourcesBuildPhase;
			buildActionMask = 2147483647;
			files = (
				24AD82D817B3A677004D0708 /* InfoPlist.strings in Resources */,
			);
			runOnlyForDeploymentPostprocessing = 0;
		};
		24AD82FC17B3A840004D0708 /* Resources */ = {
			isa = PBXResourcesBuildPhase;
			buildActionMask = 2147483647;
			files = (
				24AD831017B3A840004D0708 /* Images.xcassets in Resources */,
				24AD833117B3AF3E004D0708 /* DCTStoreButton.xcassets in Resources */,
				24AD832C17B3A8AC004D0708 /* iPhone.storyboard in Resources */,
			);
			runOnlyForDeploymentPostprocessing = 0;
		};
/* End PBXResourcesBuildPhase section */

/* Begin PBXSourcesBuildPhase section */
		24AD82B617B3A677004D0708 /* Sources */ = {
			isa = PBXSourcesBuildPhase;
			buildActionMask = 2147483647;
			files = (
				24AD82C517B3A677004D0708 /* DCTStoreButton.m in Sources */,
			);
			runOnlyForDeploymentPostprocessing = 0;
		};
		24AD82C617B3A677004D0708 /* Sources */ = {
			isa = PBXSourcesBuildPhase;
			buildActionMask = 2147483647;
			files = (
				24AD82DA17B3A677004D0708 /* DCTStoreButtonTests.m in Sources */,
			);
			runOnlyForDeploymentPostprocessing = 0;
		};
		24AD82FA17B3A840004D0708 /* Sources */ = {
			isa = PBXSourcesBuildPhase;
			buildActionMask = 2147483647;
			files = (
				24AD830E17B3A840004D0708 /* AppDelegate.m in Sources */,
				24AD830A17B3A840004D0708 /* main.m in Sources */,
			);
			runOnlyForDeploymentPostprocessing = 0;
		};
/* End PBXSourcesBuildPhase section */

/* Begin PBXTargetDependency section */
		24AD82D117B3A677004D0708 /* PBXTargetDependency */ = {
			isa = PBXTargetDependency;
			target = 24AD82B917B3A677004D0708 /* DCTStoreButton */;
			targetProxy = 24AD82D017B3A677004D0708 /* PBXContainerItemProxy */;
		};
/* End PBXTargetDependency section */

/* Begin PBXVariantGroup section */
		24AD82D617B3A677004D0708 /* InfoPlist.strings */ = {
			isa = PBXVariantGroup;
			children = (
				24AD82D717B3A677004D0708 /* en */,
			);
			name = InfoPlist.strings;
			sourceTree = "<group>";
		};
/* End PBXVariantGroup section */

/* Begin XCBuildConfiguration section */
		24AD82DB17B3A677004D0708 /* Debug */ = {
			isa = XCBuildConfiguration;
			buildSettings = {
				ALWAYS_SEARCH_USER_PATHS = NO;
				CLANG_CXX_LANGUAGE_STANDARD = "gnu++0x";
				CLANG_CXX_LIBRARY = "libc++";
				CLANG_ENABLE_MODULES = YES;
				CLANG_ENABLE_OBJC_ARC = YES;
				CLANG_WARN_BOOL_CONVERSION = YES;
				CLANG_WARN_CONSTANT_CONVERSION = YES;
				CLANG_WARN_DIRECT_OBJC_ISA_USAGE = YES_ERROR;
				CLANG_WARN_EMPTY_BODY = YES;
				CLANG_WARN_ENUM_CONVERSION = YES;
				CLANG_WARN_INT_CONVERSION = YES;
				CLANG_WARN_OBJC_ROOT_CLASS = YES_ERROR;
				CLANG_WARN__DUPLICATE_METHOD_MATCH = YES;
				COPY_PHASE_STRIP = NO;
				GCC_C_LANGUAGE_STANDARD = gnu99;
				GCC_DYNAMIC_NO_PIC = NO;
				GCC_OPTIMIZATION_LEVEL = 0;
				GCC_PREPROCESSOR_DEFINITIONS = (
					"DEBUG=1",
					"$(inherited)",
				);
				GCC_SYMBOLS_PRIVATE_EXTERN = NO;
				GCC_WARN_ABOUT_RETURN_TYPE = YES_ERROR;
				GCC_WARN_UNDECLARED_SELECTOR = YES;
				GCC_WARN_UNINITIALIZED_AUTOS = YES;
				GCC_WARN_UNUSED_FUNCTION = YES;
				GCC_WARN_UNUSED_VARIABLE = YES;
				IPHONEOS_DEPLOYMENT_TARGET = 7.0;
				ONLY_ACTIVE_ARCH = YES;
				SDKROOT = iphoneos;
			};
			name = Debug;
		};
		24AD82DC17B3A677004D0708 /* Release */ = {
			isa = XCBuildConfiguration;
			buildSettings = {
				ALWAYS_SEARCH_USER_PATHS = NO;
				CLANG_CXX_LANGUAGE_STANDARD = "gnu++0x";
				CLANG_CXX_LIBRARY = "libc++";
				CLANG_ENABLE_MODULES = YES;
				CLANG_ENABLE_OBJC_ARC = YES;
				CLANG_WARN_BOOL_CONVERSION = YES;
				CLANG_WARN_CONSTANT_CONVERSION = YES;
				CLANG_WARN_DIRECT_OBJC_ISA_USAGE = YES_ERROR;
				CLANG_WARN_EMPTY_BODY = YES;
				CLANG_WARN_ENUM_CONVERSION = YES;
				CLANG_WARN_INT_CONVERSION = YES;
				CLANG_WARN_OBJC_ROOT_CLASS = YES_ERROR;
				CLANG_WARN__DUPLICATE_METHOD_MATCH = YES;
				COPY_PHASE_STRIP = YES;
				ENABLE_NS_ASSERTIONS = NO;
				GCC_C_LANGUAGE_STANDARD = gnu99;
				GCC_WARN_ABOUT_RETURN_TYPE = YES_ERROR;
				GCC_WARN_UNDECLARED_SELECTOR = YES;
				GCC_WARN_UNINITIALIZED_AUTOS = YES;
				GCC_WARN_UNUSED_FUNCTION = YES;
				GCC_WARN_UNUSED_VARIABLE = YES;
				IPHONEOS_DEPLOYMENT_TARGET = 7.0;
				SDKROOT = iphoneos;
				VALIDATE_PRODUCT = YES;
			};
			name = Release;
		};
		24AD82DE17B3A677004D0708 /* Debug */ = {
			isa = XCBuildConfiguration;
			buildSettings = {
				DSTROOT = /tmp/DCTStoreButton.dst;
				GCC_PRECOMPILE_PREFIX_HEADER = YES;
				OTHER_LDFLAGS = "-ObjC";
				PRODUCT_NAME = "$(TARGET_NAME)";
				SKIP_INSTALL = YES;
			};
			name = Debug;
		};
		24AD82DF17B3A677004D0708 /* Release */ = {
			isa = XCBuildConfiguration;
			buildSettings = {
				DSTROOT = /tmp/DCTStoreButton.dst;
				GCC_PRECOMPILE_PREFIX_HEADER = YES;
				OTHER_LDFLAGS = "-ObjC";
				PRODUCT_NAME = "$(TARGET_NAME)";
				SKIP_INSTALL = YES;
			};
			name = Release;
		};
		24AD82E117B3A677004D0708 /* Debug */ = {
			isa = XCBuildConfiguration;
			buildSettings = {
				BUNDLE_LOADER = "$(BUILT_PRODUCTS_DIR)/DCTStoreButtonDemo.app/DCTStoreButtonDemo";
				FRAMEWORK_SEARCH_PATHS = (
					"$(SDKROOT)/Developer/Library/Frameworks",
					"$(inherited)",
					"$(DEVELOPER_FRAMEWORKS_DIR)",
				);
				GCC_PRECOMPILE_PREFIX_HEADER = YES;
				GCC_PREFIX_HEADER = "DCTStoreButton/DCTStoreButton-Prefix.pch";
				GCC_PREPROCESSOR_DEFINITIONS = (
					"DEBUG=1",
					"$(inherited)",
				);
				INFOPLIST_FILE = "DCTStoreButtonTests/DCTStoreButtonTests-Info.plist";
				PRODUCT_NAME = "$(TARGET_NAME)";
				TEST_HOST = "$(BUNDLE_LOADER)";
				WRAPPER_EXTENSION = xctest;
			};
			name = Debug;
		};
		24AD82E217B3A677004D0708 /* Release */ = {
			isa = XCBuildConfiguration;
			buildSettings = {
				BUNDLE_LOADER = "$(BUILT_PRODUCTS_DIR)/DCTStoreButtonDemo.app/DCTStoreButtonDemo";
				FRAMEWORK_SEARCH_PATHS = (
					"$(SDKROOT)/Developer/Library/Frameworks",
					"$(inherited)",
					"$(DEVELOPER_FRAMEWORKS_DIR)",
				);
				GCC_PRECOMPILE_PREFIX_HEADER = YES;
				GCC_PREFIX_HEADER = "DCTStoreButton/DCTStoreButton-Prefix.pch";
				INFOPLIST_FILE = "DCTStoreButtonTests/DCTStoreButtonTests-Info.plist";
				PRODUCT_NAME = "$(TARGET_NAME)";
				TEST_HOST = "$(BUNDLE_LOADER)";
				WRAPPER_EXTENSION = xctest;
			};
			name = Release;
		};
		24AD832417B3A840004D0708 /* Debug */ = {
			isa = XCBuildConfiguration;
			buildSettings = {
				ASSETCATALOG_COMPILER_APPICON_NAME = AppIcon;
				ASSETCATALOG_COMPILER_LAUNCHIMAGE_NAME = LaunchImage;
				"CODE_SIGN_IDENTITY[sdk=iphoneos*]" = "iPhone Developer";
				GCC_PRECOMPILE_PREFIX_HEADER = YES;
				GCC_PREPROCESSOR_DEFINITIONS = (
					"DEBUG=1",
					"$(inherited)",
				);
				INFOPLIST_FILE = "DCTStoreButtonDemo/DCTStoreButtonDemo-Info.plist";
				OTHER_LDFLAGS = "-ObjC";
				PRODUCT_NAME = "$(TARGET_NAME)";
				WRAPPER_EXTENSION = app;
			};
			name = Debug;
		};
		24AD832517B3A840004D0708 /* Release */ = {
			isa = XCBuildConfiguration;
			buildSettings = {
				ASSETCATALOG_COMPILER_APPICON_NAME = AppIcon;
				ASSETCATALOG_COMPILER_LAUNCHIMAGE_NAME = LaunchImage;
				"CODE_SIGN_IDENTITY[sdk=iphoneos*]" = "iPhone Developer";
				GCC_PRECOMPILE_PREFIX_HEADER = YES;
				INFOPLIST_FILE = "DCTStoreButtonDemo/DCTStoreButtonDemo-Info.plist";
				OTHER_LDFLAGS = "-ObjC";
				PRODUCT_NAME = "$(TARGET_NAME)";
				WRAPPER_EXTENSION = app;
			};
			name = Release;
		};
/* End XCBuildConfiguration section */

/* Begin XCConfigurationList section */
		24AD82B517B3A676004D0708 /* Build configuration list for PBXProject "DCTStoreButton" */ = {
			isa = XCConfigurationList;
			buildConfigurations = (
				24AD82DB17B3A677004D0708 /* Debug */,
				24AD82DC17B3A677004D0708 /* Release */,
			);
			defaultConfigurationIsVisible = 0;
			defaultConfigurationName = Release;
		};
		24AD82DD17B3A677004D0708 /* Build configuration list for PBXNativeTarget "DCTStoreButton" */ = {
			isa = XCConfigurationList;
			buildConfigurations = (
				24AD82DE17B3A677004D0708 /* Debug */,
				24AD82DF17B3A677004D0708 /* Release */,
			);
			defaultConfigurationIsVisible = 0;
			defaultConfigurationName = Release;
		};
		24AD82E017B3A677004D0708 /* Build configuration list for PBXNativeTarget "DCTStoreButtonTests" */ = {
			isa = XCConfigurationList;
			buildConfigurations = (
				24AD82E117B3A677004D0708 /* Debug */,
				24AD82E217B3A677004D0708 /* Release */,
			);
			defaultConfigurationIsVisible = 0;
			defaultConfigurationName = Release;
		};
		24AD832317B3A840004D0708 /* Build configuration list for PBXNativeTarget "DCTStoreButtonDemo" */ = {
			isa = XCConfigurationList;
			buildConfigurations = (
				24AD832417B3A840004D0708 /* Debug */,
				24AD832517B3A840004D0708 /* Release */,
			);
			defaultConfigurationIsVisible = 0;
		};
/* End XCConfigurationList section */
	};
	rootObject = 24AD82B217B3A676004D0708 /* Project object */;
}
